{
  "pins" : [
    {
      "identity" : "alamofire",
      "kind" : "remoteSourceControl",
      "location" : "https://github.com/Alamofire/Alamofire.git",
      "state" : {
        "revision" : "747c8db8d57b68d5e35275f10c92d55f982adbd4",
        "version" : "4.9.1"
      }
    },
    {
      "identity" : "iqkeyboardmanager",
      "kind" : "remoteSourceControl",
      "location" : "https://github.com/hackiftekhar/IQKeyboardManager.git",
      "state" : {
        "branch" : "master",
        "revision" : "09d22c087732b02d4fb594c7bb61502bf7bb2378"
      }
    },
    {
      "identity" : "localize-swift",
      "kind" : "remoteSourceControl",
      "location" : "https://github.com/marmelroy/Localize-Swift.git",
      "state" : {
        "revision" : "0aa221fed0512772eaad04171d966b8d77b15212",
        "version" : "3.2.0"
      }
    },
    {
      "identity" : "mbprogresshud",
      "kind" : "remoteSourceControl",
      "location" : "https://github.com/jdg/MBProgressHUD.git",
      "state" : {
        "revision" : "bca42b801100b2b3a4eda0ba8dd33d858c780b0d",
        "version" : "1.2.0"
      }
    }
  ],
  "version" : 2
}
