// !$*UTF8*$!
{
	archiveVersion = 1;
	classes = {
	};
	objectVersion = 55;
	objects = {

/* Begin PBXBuildFile section */
		32268EF1281BA48A0096628A /* AppDelegate.swift in Sources */ = {isa = PBXBuildFile; fileRef = 32268EF0281BA48A0096628A /* AppDelegate.swift */; };
		32268EF3281BA48A0096628A /* SceneDelegate.swift in Sources */ = {isa = PBXBuildFile; fileRef = 32268EF2281BA48A0096628A /* SceneDelegate.swift */; };
		32268EF5281BA48A0096628A /* ViewController.swift in Sources */ = {isa = PBXBuildFile; fileRef = 32268EF4281BA48A0096628A /* ViewController.swift */; };
		32268EF8281BA48A0096628A /* Main.storyboard in Resources */ = {isa = PBXBuildFile; fileRef = 32268EF6281BA48A0096628A /* Main.storyboard */; };
		32268EFA281BA48B0096628A /* Assets.xcassets in Resources */ = {isa = PBXBuildFile; fileRef = 32268EF9281BA48B0096628A /* Assets.xcassets */; };
		32268EFD281BA48B0096628A /* LaunchScreen.storyboard in Resources */ = {isa = PBXBuildFile; fileRef = 32268EFB281BA48B0096628A /* LaunchScreen.storyboard */; };
		32268F06281BA5450096628A /* Constant.swift in Sources */ = {isa = PBXBuildFile; fileRef = 32268F05281BA5450096628A /* Constant.swift */; };
		32268F0C281BB0740096628A /* Extension.swift in Sources */ = {isa = PBXBuildFile; fileRef = 32268F0B281BB0740096628A /* Extension.swift */; };
		32268F0E281BB0B60096628A /* CommanFile.swift in Sources */ = {isa = PBXBuildFile; fileRef = 32268F0D281BB0B60096628A /* CommanFile.swift */; };
		328A73CD281BC4EA007E83FC /* LoginViewModel.swift in Sources */ = {isa = PBXBuildFile; fileRef = 328A73CC281BC4EA007E83FC /* LoginViewModel.swift */; };
		328A73CF281BC4FD007E83FC /* LoginModel.swift in Sources */ = {isa = PBXBuildFile; fileRef = 328A73CE281BC4FD007E83FC /* LoginModel.swift */; };
		328A73D2281BDE21007E83FC /* Alamofire in Frameworks */ = {isa = PBXBuildFile; productRef = 328A73D1281BDE21007E83FC /* Alamofire */; };
		328A73D5281BE045007E83FC /* APIRequest.swift in Sources */ = {isa = PBXBuildFile; fileRef = 328A73D4281BE045007E83FC /* APIRequest.swift */; };
		328A73D8281C02C7007E83FC /* MBProgressHUD in Frameworks */ = {isa = PBXBuildFile; productRef = 328A73D7281C02C7007E83FC /* MBProgressHUD */; };
		328A73DA281C0308007E83FC /* MBProgressHub.swift in Sources */ = {isa = PBXBuildFile; fileRef = 328A73D9281C0308007E83FC /* MBProgressHub.swift */; };
		328A73DD281C05DE007E83FC /* ListUserViewController.swift in Sources */ = {isa = PBXBuildFile; fileRef = 328A73DC281C05DE007E83FC /* ListUserViewController.swift */; };
		328A73DF281C0AFF007E83FC /* ListViewModel.swift in Sources */ = {isa = PBXBuildFile; fileRef = 328A73DE281C0AFF007E83FC /* ListViewModel.swift */; };
		328A73E1281C0CD3007E83FC /* ListTableViewCell.swift in Sources */ = {isa = PBXBuildFile; fileRef = 328A73E0281C0CD3007E83FC /* ListTableViewCell.swift */; };
/* End PBXBuildFile section */

/* Begin PBXFileReference section */
		32268EED281BA48A0096628A /* ProjectSetUp.app */ = {isa = PBXFileReference; explicitFileType = wrapper.application; includeInIndex = 0; path = ProjectSetUp.app; sourceTree = BUILT_PRODUCTS_DIR; };
		32268EF0281BA48A0096628A /* AppDelegate.swift */ = {isa = PBXFileReference; lastKnownFileType = sourcecode.swift; path = AppDelegate.swift; sourceTree = "<group>"; };
		32268EF2281BA48A0096628A /* SceneDelegate.swift */ = {isa = PBXFileReference; lastKnownFileType = sourcecode.swift; path = SceneDelegate.swift; sourceTree = "<group>"; };
		32268EF4281BA48A0096628A /* ViewController.swift */ = {isa = PBXFileReference; lastKnownFileType = sourcecode.swift; path = ViewController.swift; sourceTree = "<group>"; };
		32268EF7281BA48A0096628A /* Base */ = {isa = PBXFileReference; lastKnownFileType = file.storyboard; name = Base; path = Base.lproj/Main.storyboard; sourceTree = "<group>"; };
		32268EF9281BA48B0096628A /* Assets.xcassets */ = {isa = PBXFileReference; lastKnownFileType = folder.assetcatalog; path = Assets.xcassets; sourceTree = "<group>"; };
		32268EFC281BA48B0096628A /* Base */ = {isa = PBXFileReference; lastKnownFileType = file.storyboard; name = Base; path = Base.lproj/LaunchScreen.storyboard; sourceTree = "<group>"; };
		32268EFE281BA48B0096628A /* Info.plist */ = {isa = PBXFileReference; lastKnownFileType = text.plist.xml; path = Info.plist; sourceTree = "<group>"; };
		32268F05281BA5450096628A /* Constant.swift */ = {isa = PBXFileReference; lastKnownFileType = sourcecode.swift; path = Constant.swift; sourceTree = "<group>"; };
		32268F0B281BB0740096628A /* Extension.swift */ = {isa = PBXFileReference; lastKnownFileType = sourcecode.swift; path = Extension.swift; sourceTree = "<group>"; };
		32268F0D281BB0B60096628A /* CommanFile.swift */ = {isa = PBXFileReference; lastKnownFileType = sourcecode.swift; path = CommanFile.swift; sourceTree = "<group>"; };
		328A73CC281BC4EA007E83FC /* LoginViewModel.swift */ = {isa = PBXFileReference; lastKnownFileType = sourcecode.swift; path = LoginViewModel.swift; sourceTree = "<group>"; };
		328A73CE281BC4FD007E83FC /* LoginModel.swift */ = {isa = PBXFileReference; lastKnownFileType = sourcecode.swift; path = LoginModel.swift; sourceTree = "<group>"; };
		328A73D4281BE045007E83FC /* APIRequest.swift */ = {isa = PBXFileReference; lastKnownFileType = sourcecode.swift; path = APIRequest.swift; sourceTree = "<group>"; };
		328A73D9281C0308007E83FC /* MBProgressHub.swift */ = {isa = PBXFileReference; lastKnownFileType = sourcecode.swift; path = MBProgressHub.swift; sourceTree = "<group>"; };
		328A73DC281C05DE007E83FC /* ListUserViewController.swift */ = {isa = PBXFileReference; lastKnownFileType = sourcecode.swift; path = ListUserViewController.swift; sourceTree = "<group>"; };
		328A73DE281C0AFF007E83FC /* ListViewModel.swift */ = {isa = PBXFileReference; lastKnownFileType = sourcecode.swift; path = ListViewModel.swift; sourceTree = "<group>"; };
		328A73E0281C0CD3007E83FC /* ListTableViewCell.swift */ = {isa = PBXFileReference; lastKnownFileType = sourcecode.swift; path = ListTableViewCell.swift; sourceTree = "<group>"; };
/* End PBXFileReference section */

/* Begin PBXFrameworksBuildPhase section */
		32268EEA281BA48A0096628A /* Frameworks */ = {
			isa = PBXFrameworksBuildPhase;
			buildActionMask = 2147483647;
			files = (
				328A73D8281C02C7007E83FC /* MBProgressHUD in Frameworks */,
				328A73D2281BDE21007E83FC /* Alamofire in Frameworks */,
			);
			runOnlyForDeploymentPostprocessing = 0;
		};
/* End PBXFrameworksBuildPhase section */

/* Begin PBXGroup section */
		32268EE4281BA48A0096628A = {
			isa = PBXGroup;
			children = (
				32268EEF281BA48A0096628A /* ProjectSetUp */,
				32268EEE281BA48A0096628A /* Products */,
			);
			sourceTree = "<group>";
		};
		32268EEE281BA48A0096628A /* Products */ = {
			isa = PBXGroup;
			children = (
				32268EED281BA48A0096628A /* ProjectSetUp.app */,
			);
			name = Products;
			sourceTree = "<group>";
		};
		32268EEF281BA48A0096628A /* ProjectSetUp */ = {
			isa = PBXGroup;
			children = (
				32268EF0281BA48A0096628A /* AppDelegate.swift */,
				32268EF2281BA48A0096628A /* SceneDelegate.swift */,
				32268F05281BA5450096628A /* Constant.swift */,
				32268F09281BB0520096628A /* CommonFile */,
				328A73D3281BDFE8007E83FC /* ServerSetUp */,
				32268F07281BA54C0096628A /* ViewController */,
				32268EF6281BA48A0096628A /* Main.storyboard */,
				32268EF9281BA48B0096628A /* Assets.xcassets */,
				32268EFB281BA48B0096628A /* LaunchScreen.storyboard */,
				32268EFE281BA48B0096628A /* Info.plist */,
			);
			path = ProjectSetUp;
			sourceTree = "<group>";
		};
		32268F07281BA54C0096628A /* ViewController */ = {
			isa = PBXGroup;
			children = (
				328A73DB281C05B6007E83FC /* ListData */,
				32268F08281BA56B0096628A /* HomeViewController */,
			);
			path = ViewController;
			sourceTree = "<group>";
		};
		32268F08281BA56B0096628A /* HomeViewController */ = {
			isa = PBXGroup;
			children = (
				328A73CE281BC4FD007E83FC /* LoginModel.swift */,
				328A73CC281BC4EA007E83FC /* LoginViewModel.swift */,
				32268EF4281BA48A0096628A /* ViewController.swift */,
			);
			path = HomeViewController;
			sourceTree = "<group>";
		};
		32268F09281BB0520096628A /* CommonFile */ = {
			isa = PBXGroup;
			children = (
				32268F0D281BB0B60096628A /* CommanFile.swift */,
				328A73D9281C0308007E83FC /* MBProgressHub.swift */,
				32268F0A281BB0620096628A /* Extension */,
			);
			path = CommonFile;
			sourceTree = "<group>";
		};
		32268F0A281BB0620096628A /* Extension */ = {
			isa = PBXGroup;
			children = (
				32268F0B281BB0740096628A /* Extension.swift */,
			);
			path = Extension;
			sourceTree = "<group>";
		};
		328A73D3281BDFE8007E83FC /* ServerSetUp */ = {
			isa = PBXGroup;
			children = (
				328A73D4281BE045007E83FC /* APIRequest.swift */,
			);
			path = ServerSetUp;
			sourceTree = "<group>";
		};
		328A73DB281C05B6007E83FC /* ListData */ = {
			isa = PBXGroup;
			children = (
				328A73E0281C0CD3007E83FC /* ListTableViewCell.swift */,
				328A73DE281C0AFF007E83FC /* ListViewModel.swift */,
				328A73DC281C05DE007E83FC /* ListUserViewController.swift */,
			);
			path = ListData;
			sourceTree = "<group>";
		};
/* End PBXGroup section */

/* Begin PBXNativeTarget section */
		32268EEC281BA48A0096628A /* ProjectSetUp */ = {
			isa = PBXNativeTarget;
			buildConfigurationList = 32268F01281BA48B0096628A /* Build configuration list for PBXNativeTarget "ProjectSetUp" */;
			buildPhases = (
				32268EE9281BA48A0096628A /* Sources */,
				32268EEA281BA48A0096628A /* Frameworks */,
				32268EEB281BA48A0096628A /* Resources */,
			);
			buildRules = (
			);
			dependencies = (
			);
			name = ProjectSetUp;
			packageProductDependencies = (
				328A73D1281BDE21007E83FC /* Alamofire */,
				328A73D7281C02C7007E83FC /* MBProgressHUD */,
			);
			productName = ProjectSetUp;
			productReference = 32268EED281BA48A0096628A /* ProjectSetUp.app */;
			productType = "com.apple.product-type.application";
		};
/* End PBXNativeTarget section */

/* Begin PBXProject section */
		32268EE5281BA48A0096628A /* Project object */ = {
			isa = PBXProject;
			attributes = {
				BuildIndependentTargetsInParallel = 1;
				LastSwiftUpdateCheck = 1330;
				LastUpgradeCheck = 1330;
				TargetAttributes = {
					32268EEC281BA48A0096628A = {
						CreatedOnToolsVersion = 13.3;
					};
				};
			};
			buildConfigurationList = 32268EE8281BA48A0096628A /* Build configuration list for PBXProject "ProjectSetUp" */;
			compatibilityVersion = "Xcode 13.0";
			developmentRegion = en;
			hasScannedForEncodings = 0;
			knownRegions = (
				en,
				Base,
			);
			mainGroup = 32268EE4281BA48A0096628A;
			packageReferences = (
				328A73D0281BDE21007E83FC /* XCRemoteSwiftPackageReference "Alamofire" */,
				328A73D6281C02C7007E83FC /* XCRemoteSwiftPackageReference "MBProgressHUD" */,
			);
			productRefGroup = 32268EEE281BA48A0096628A /* Products */;
			projectDirPath = "";
			projectRoot = "";
			targets = (
				32268EEC281BA48A0096628A /* ProjectSetUp */,
			);
		};
/* End PBXProject section */

/* Begin PBXResourcesBuildPhase section */
		32268EEB281BA48A0096628A /* Resources */ = {
			isa = PBXResourcesBuildPhase;
			buildActionMask = 2147483647;
			files = (
				32268EFD281BA48B0096628A /* LaunchScreen.storyboard in Resources */,
				32268EFA281BA48B0096628A /* Assets.xcassets in Resources */,
				32268EF8281BA48A0096628A /* Main.storyboard in Resources */,
			);
			runOnlyForDeploymentPostprocessing = 0;
		};
/* End PBXResourcesBuildPhase section */

/* Begin PBXSourcesBuildPhase section */
		32268EE9281BA48A0096628A /* Sources */ = {
			isa = PBXSourcesBuildPhase;
			buildActionMask = 2147483647;
			files = (
				32268F0C281BB0740096628A /* Extension.swift in Sources */,
				32268EF5281BA48A0096628A /* ViewController.swift in Sources */,
				328A73DF281C0AFF007E83FC /* ListViewModel.swift in Sources */,
				32268EF1281BA48A0096628A /* AppDelegate.swift in Sources */,
				32268F0E281BB0B60096628A /* CommanFile.swift in Sources */,
				32268EF3281BA48A0096628A /* SceneDelegate.swift in Sources */,
				328A73CF281BC4FD007E83FC /* LoginModel.swift in Sources */,
				32268F06281BA5450096628A /* Constant.swift in Sources */,
				328A73DD281C05DE007E83FC /* ListUserViewController.swift in Sources */,
				328A73DA281C0308007E83FC /* MBProgressHub.swift in Sources */,
				328A73D5281BE045007E83FC /* APIRequest.swift in Sources */,
				328A73E1281C0CD3007E83FC /* ListTableViewCell.swift in Sources */,
				328A73CD281BC4EA007E83FC /* LoginViewModel.swift in Sources */,
			);
			runOnlyForDeploymentPostprocessing = 0;
		};
/* End PBXSourcesBuildPhase section */

/* Begin PBXVariantGroup section */
		32268EF6281BA48A0096628A /* Main.storyboard */ = {
			isa = PBXVariantGroup;
			children = (
				32268EF7281BA48A0096628A /* Base */,
			);
			name = Main.storyboard;
			sourceTree = "<group>";
		};
		32268EFB281BA48B0096628A /* LaunchScreen.storyboard */ = {
			isa = PBXVariantGroup;
			children = (
				32268EFC281BA48B0096628A /* Base */,
			);
			name = LaunchScreen.storyboard;
			sourceTree = "<group>";
		};
/* End PBXVariantGroup section */

/* Begin XCBuildConfiguration section */
		32268EFF281BA48B0096628A /* Debug */ = {
			isa = XCBuildConfiguration;
			buildSettings = {
				ALWAYS_SEARCH_USER_PATHS = NO;
				CLANG_ANALYZER_NONNULL = YES;
				CLANG_ANALYZER_NUMBER_OBJECT_CONVERSION = YES_AGGRESSIVE;
				CLANG_CXX_LANGUAGE_STANDARD = "gnu++17";
				CLANG_ENABLE_MODULES = YES;
				CLANG_ENABLE_OBJC_ARC = YES;
				CLANG_ENABLE_OBJC_WEAK = YES;
				CLANG_WARN_BLOCK_CAPTURE_AUTORELEASING = YES;
				CLANG_WARN_BOOL_CONVERSION = YES;
				CLANG_WARN_COMMA = YES;
				CLANG_WARN_CONSTANT_CONVERSION = YES;
				CLANG_WARN_DEPRECATED_OBJC_IMPLEMENTATIONS = YES;
				CLANG_WARN_DIRECT_OBJC_ISA_USAGE = YES_ERROR;
				CLANG_WARN_DOCUMENTATION_COMMENTS = YES;
				CLANG_WARN_EMPTY_BODY = YES;
				CLANG_WARN_ENUM_CONVERSION = YES;
				CLANG_WARN_INFINITE_RECURSION = YES;
				CLANG_WARN_INT_CONVERSION = YES;
				CLANG_WARN_NON_LITERAL_NULL_CONVERSION = YES;
				CLANG_WARN_OBJC_IMPLICIT_RETAIN_SELF = YES;
				CLANG_WARN_OBJC_LITERAL_CONVERSION = YES;
				CLANG_WARN_OBJC_ROOT_CLASS = YES_ERROR;
				CLANG_WARN_QUOTED_INCLUDE_IN_FRAMEWORK_HEADER = YES;
				CLANG_WARN_RANGE_LOOP_ANALYSIS = YES;
				CLANG_WARN_STRICT_PROTOTYPES = YES;
				CLANG_WARN_SUSPICIOUS_MOVE = YES;
				CLANG_WARN_UNGUARDED_AVAILABILITY = YES_AGGRESSIVE;
				CLANG_WARN_UNREACHABLE_CODE = YES;
				CLANG_WARN__DUPLICATE_METHOD_MATCH = YES;
				COPY_PHASE_STRIP = NO;
				DEBUG_INFORMATION_FORMAT = dwarf;
				ENABLE_STRICT_OBJC_MSGSEND = YES;
				ENABLE_TESTABILITY = YES;
				GCC_C_LANGUAGE_STANDARD = gnu11;
				GCC_DYNAMIC_NO_PIC = NO;
				GCC_NO_COMMON_BLOCKS = YES;
				GCC_OPTIMIZATION_LEVEL = 0;
				GCC_PREPROCESSOR_DEFINITIONS = (
					"DEBUG=1",
					"$(inherited)",
				);
				GCC_WARN_64_TO_32_BIT_CONVERSION = YES;
				GCC_WARN_ABOUT_RETURN_TYPE = YES_ERROR;
				GCC_WARN_UNDECLARED_SELECTOR = YES;
				GCC_WARN_UNINITIALIZED_AUTOS = YES_AGGRESSIVE;
				GCC_WARN_UNUSED_FUNCTION = YES;
				GCC_WARN_UNUSED_VARIABLE = YES;
				IPHONEOS_DEPLOYMENT_TARGET = 15.4;
				MTL_ENABLE_DEBUG_INFO = INCLUDE_SOURCE;
				MTL_FAST_MATH = YES;
				ONLY_ACTIVE_ARCH = YES;
				SDKROOT = iphoneos;
				SWIFT_ACTIVE_COMPILATION_CONDITIONS = DEBUG;
				SWIFT_OPTIMIZATION_LEVEL = "-Onone";
			};
			name = Debug;
		};
		32268F00281BA48B0096628A /* Release */ = {
			isa = XCBuildConfiguration;
			buildSettings = {
				ALWAYS_SEARCH_USER_PATHS = NO;
				CLANG_ANALYZER_NONNULL = YES;
				CLANG_ANALYZER_NUMBER_OBJECT_CONVERSION = YES_AGGRESSIVE;
				CLANG_CXX_LANGUAGE_STANDARD = "gnu++17";
				CLANG_ENABLE_MODULES = YES;
				CLANG_ENABLE_OBJC_ARC = YES;
				CLANG_ENABLE_OBJC_WEAK = YES;
				CLANG_WARN_BLOCK_CAPTURE_AUTORELEASING = YES;
				CLANG_WARN_BOOL_CONVERSION = YES;
				CLANG_WARN_COMMA = YES;
				CLANG_WARN_CONSTANT_CONVERSION = YES;
				CLANG_WARN_DEPRECATED_OBJC_IMPLEMENTATIONS = YES;
				CLANG_WARN_DIRECT_OBJC_ISA_USAGE = YES_ERROR;
				CLANG_WARN_DOCUMENTATION_COMMENTS = YES;
				CLANG_WARN_EMPTY_BODY = YES;
				CLANG_WARN_ENUM_CONVERSION = YES;
				CLANG_WARN_INFINITE_RECURSION = YES;
				CLANG_WARN_INT_CONVERSION = YES;
				CLANG_WARN_NON_LITERAL_NULL_CONVERSION = YES;
				CLANG_WARN_OBJC_IMPLICIT_RETAIN_SELF = YES;
				CLANG_WARN_OBJC_LITERAL_CONVERSION = YES;
				CLANG_WARN_OBJC_ROOT_CLASS = YES_ERROR;
				CLANG_WARN_QUOTED_INCLUDE_IN_FRAMEWORK_HEADER = YES;
				CLANG_WARN_RANGE_LOOP_ANALYSIS = YES;
				CLANG_WARN_STRICT_PROTOTYPES = YES;
				CLANG_WARN_SUSPICIOUS_MOVE = YES;
				CLANG_WARN_UNGUARDED_AVAILABILITY = YES_AGGRESSIVE;
				CLANG_WARN_UNREACHABLE_CODE = YES;
				CLANG_WARN__DUPLICATE_METHOD_MATCH = YES;
				COPY_PHASE_STRIP = NO;
				DEBUG_INFORMATION_FORMAT = "dwarf-with-dsym";
				ENABLE_NS_ASSERTIONS = NO;
				ENABLE_STRICT_OBJC_MSGSEND = YES;
				GCC_C_LANGUAGE_STANDARD = gnu11;
				GCC_NO_COMMON_BLOCKS = YES;
				GCC_WARN_64_TO_32_BIT_CONVERSION = YES;
				GCC_WARN_ABOUT_RETURN_TYPE = YES_ERROR;
				GCC_WARN_UNDECLARED_SELECTOR = YES;
				GCC_WARN_UNINITIALIZED_AUTOS = YES_AGGRESSIVE;
				GCC_WARN_UNUSED_FUNCTION = YES;
				GCC_WARN_UNUSED_VARIABLE = YES;
				IPHONEOS_DEPLOYMENT_TARGET = 15.4;
				MTL_ENABLE_DEBUG_INFO = NO;
				MTL_FAST_MATH = YES;
				SDKROOT = iphoneos;
				SWIFT_COMPILATION_MODE = wholemodule;
				SWIFT_OPTIMIZATION_LEVEL = "-O";
				VALIDATE_PRODUCT = YES;
			};
			name = Release;
		};
		32268F02281BA48B0096628A /* Debug */ = {
			isa = XCBuildConfiguration;
			buildSettings = {
				ASSETCATALOG_COMPILER_APPICON_NAME = AppIcon;
				ASSETCATALOG_COMPILER_GLOBAL_ACCENT_COLOR_NAME = AccentColor;
				CODE_SIGN_STYLE = Automatic;
				CURRENT_PROJECT_VERSION = 1;
				DEVELOPMENT_TEAM = 83D7RPYBY6;
				GENERATE_INFOPLIST_FILE = YES;
				INFOPLIST_FILE = ProjectSetUp/Info.plist;
				INFOPLIST_KEY_UIApplicationSupportsIndirectInputEvents = YES;
				INFOPLIST_KEY_UILaunchStoryboardName = LaunchScreen;
				INFOPLIST_KEY_UIMainStoryboardFile = Main;
				INFOPLIST_KEY_UISupportedInterfaceOrientations_iPad = "UIInterfaceOrientationPortrait UIInterfaceOrientationPortraitUpsideDown UIInterfaceOrientationLandscapeLeft UIInterfaceOrientationLandscapeRight";
				INFOPLIST_KEY_UISupportedInterfaceOrientations_iPhone = "UIInterfaceOrientationPortrait UIInterfaceOrientationLandscapeLeft UIInterfaceOrientationLandscapeRight";
				LD_RUNPATH_SEARCH_PATHS = (
					"$(inherited)",
					"@executable_path/Frameworks",
				);
				MARKETING_VERSION = 1.0;
				PRODUCT_BUNDLE_IDENTIFIER = PrakashInfo.ProjectSetUp;
				PRODUCT_NAME = "$(TARGET_NAME)";
				SWIFT_EMIT_LOC_STRINGS = YES;
				SWIFT_VERSION = 5.0;
				TARGETED_DEVICE_FAMILY = "1,2";
			};
			name = Debug;
		};
		32268F03281BA48B0096628A /* Release */ = {
			isa = XCBuildConfiguration;
			buildSettings = {
				ASSETCATALOG_COMPILER_APPICON_NAME = AppIcon;
				ASSETCATALOG_COMPILER_GLOBAL_ACCENT_COLOR_NAME = AccentColor;
				CODE_SIGN_STYLE = Automatic;
				CURRENT_PROJECT_VERSION = 1;
				DEVELOPMENT_TEAM = 83D7RPYBY6;
				GENERATE_INFOPLIST_FILE = YES;
				INFOPLIST_FILE = ProjectSetUp/Info.plist;
				INFOPLIST_KEY_UIApplicationSupportsIndirectInputEvents = YES;
				INFOPLIST_KEY_UILaunchStoryboardName = LaunchScreen;
				INFOPLIST_KEY_UIMainStoryboardFile = Main;
				INFOPLIST_KEY_UISupportedInterfaceOrientations_iPad = "UIInterfaceOrientationPortrait UIInterfaceOrientationPortraitUpsideDown UIInterfaceOrientationLandscapeLeft UIInterfaceOrientationLandscapeRight";
				INFOPLIST_KEY_UISupportedInterfaceOrientations_iPhone = "UIInterfaceOrientationPortrait UIInterfaceOrientationLandscapeLeft UIInterfaceOrientationLandscapeRight";
				LD_RUNPATH_SEARCH_PATHS = (
					"$(inherited)",
					"@executable_path/Frameworks",
				);
				MARKETING_VERSION = 1.0;
				PRODUCT_BUNDLE_IDENTIFIER = PrakashInfo.ProjectSetUp;
				PRODUCT_NAME = "$(TARGET_NAME)";
				SWIFT_EMIT_LOC_STRINGS = YES;
				SWIFT_VERSION = 5.0;
				TARGETED_DEVICE_FAMILY = "1,2";
			};
			name = Release;
		};
/* End XCBuildConfiguration section */

/* Begin XCConfigurationList section */
		32268EE8281BA48A0096628A /* Build configuration list for PBXProject "ProjectSetUp" */ = {
			isa = XCConfigurationList;
			buildConfigurations = (
				32268EFF281BA48B0096628A /* Debug */,
				32268F00281BA48B0096628A /* Release */,
			);
			defaultConfigurationIsVisible = 0;
			defaultConfigurationName = Release;
		};
		32268F01281BA48B0096628A /* Build configuration list for PBXNativeTarget "ProjectSetUp" */ = {
			isa = XCConfigurationList;
			buildConfigurations = (
				32268F02281BA48B0096628A /* Debug */,
				32268F03281BA48B0096628A /* Release */,
			);
			defaultConfigurationIsVisible = 0;
			defaultConfigurationName = Release;
		};
/* End XCConfigurationList section */

/* Begin XCRemoteSwiftPackageReference section */
		328A73D0281BDE21007E83FC /* XCRemoteSwiftPackageReference "Alamofire" */ = {
			isa = XCRemoteSwiftPackageReference;
			repositoryURL = "https://github.com/Alamofire/Alamofire.git";
			requirement = {
				kind = upToNextMajorVersion;
				minimumVersion = 4.0.0;
			};
		};
		328A73D6281C02C7007E83FC /* XCRemoteSwiftPackageReference "MBProgressHUD" */ = {
			isa = XCRemoteSwiftPackageReference;
			repositoryURL = "https://github.com/jdg/MBProgressHUD.git";
			requirement = {
				kind = upToNextMajorVersion;
				minimumVersion = 1.0.0;
			};
		};
/* End XCRemoteSwiftPackageReference section */

/* Begin XCSwiftPackageProductDependency section */
		328A73D1281BDE21007E83FC /* Alamofire */ = {
			isa = XCSwiftPackageProductDependency;
			package = 328A73D0281BDE21007E83FC /* XCRemoteSwiftPackageReference "Alamofire" */;
			productName = Alamofire;
		};
		328A73D7281C02C7007E83FC /* MBProgressHUD */ = {
			isa = XCSwiftPackageProductDependency;
			package = 328A73D6281C02C7007E83FC /* XCRemoteSwiftPackageReference "MBProgressHUD" */;
			productName = MBProgressHUD;
		};
/* End XCSwiftPackageProductDependency section */
	};
	rootObject = 32268EE5281BA48A0096628A /* Project object */;
}
