// !$*UTF8*$!
{
	archiveVersion = 1;
	classes = {
	};
	objectVersion = 55;
	objects = {

/* Begin PBXBuildFile section */
		32268EF1281BA48A0096628A /* AppDelegate.swift in Sources */ = {isa = PBXBuildFile; fileRef = 32268EF0281BA48A0096628A /* AppDelegate.swift */; };
		32268EF3281BA48A0096628A /* SceneDelegate.swift in Sources */ = {isa = PBXBuildFile; fileRef = 32268EF2281BA48A0096628A /* SceneDelegate.swift */; };
		32268EF5281BA48A0096628A /* ViewController.swift in Sources */ = {isa = PBXBuildFile; fileRef = 32268EF4281BA48A0096628A /* ViewController.swift */; };
		32268EF8281BA48A0096628A /* Main.storyboard in Resources */ = {isa = PBXBuildFile; fileRef = 32268EF6281BA48A0096628A /* Main.storyboard */; };
		32268EFA281BA48B0096628A /* Assets.xcassets in Resources */ = {isa = PBXBuildFile; fileRef = 32268EF9281BA48B0096628A /* Assets.xcassets */; };
		32268EFD281BA48B0096628A /* LaunchScreen.storyboard in Resources */ = {isa = PBXBuildFile; fileRef = 32268EFB281BA48B0096628A /* LaunchScreen.storyboard */; };
		32268F06281BA5450096628A /* Constant.swift in Sources */ = {isa = PBXBuildFile; fileRef = 32268F05281BA5450096628A /* Constant.swift */; };
		32268F0C281BB0740096628A /* Extension.swift in Sources */ = {isa = PBXBuildFile; fileRef = 32268F0B281BB0740096628A /* Extension.swift */; };
		32268F0E281BB0B60096628A /* CommanFile.swift in Sources */ = {isa = PBXBuildFile; fileRef = 32268F0D281BB0B60096628A /* CommanFile.swift */; };
		3278235C2820E28400A19F6D /* ImagePickerController.swift in Sources */ = {isa = PBXBuildFile; fileRef = 3278235B2820E28400A19F6D /* ImagePickerController.swift */; };
		327823612820EC0F00A19F6D /* SBPickerSwiftSelector.xib in Resources */ = {isa = PBXBuildFile; fileRef = 327823602820EC0F00A19F6D /* SBPickerSwiftSelector.xib */; };
		327823632820EC2E00A19F6D /* SBPickerSwiftSelector.swift in Sources */ = {isa = PBXBuildFile; fileRef = 327823622820EC2E00A19F6D /* SBPickerSwiftSelector.swift */; };
		327823652820ED2E00A19F6D /* PickerController.swift in Sources */ = {isa = PBXBuildFile; fileRef = 327823642820ED2E00A19F6D /* PickerController.swift */; };
		327823682820FF2F00A19F6D /* SignUpViewController.swift in Sources */ = {isa = PBXBuildFile; fileRef = 327823672820FF2F00A19F6D /* SignUpViewController.swift */; };
		3278236A2820FF8600A19F6D /* SignUpViewModel.swift in Sources */ = {isa = PBXBuildFile; fileRef = 327823692820FF8600A19F6D /* SignUpViewModel.swift */; };
		3278236C2820FFAA00A19F6D /* SignUpModel.swift in Sources */ = {isa = PBXBuildFile; fileRef = 3278236B2820FFAA00A19F6D /* SignUpModel.swift */; };
		3278236F2821050E00A19F6D /* TextFieldTableViewCell.swift in Sources */ = {isa = PBXBuildFile; fileRef = 3278236E2821050E00A19F6D /* TextFieldTableViewCell.swift */; };
		327823712821055400A19F6D /* LabelTableViewCell.swift in Sources */ = {isa = PBXBuildFile; fileRef = 327823702821055400A19F6D /* LabelTableViewCell.swift */; };
		327823742821416400A19F6D /* SocialViewController.swift in Sources */ = {isa = PBXBuildFile; fileRef = 327823732821416400A19F6D /* SocialViewController.swift */; };
		327823762821418B00A19F6D /* SocialLoginViewModel.swift in Sources */ = {isa = PBXBuildFile; fileRef = 327823752821418B00A19F6D /* SocialLoginViewModel.swift */; };
		32782378282141A200A19F6D /* SocialLoginModel.swift in Sources */ = {isa = PBXBuildFile; fileRef = 32782377282141A200A19F6D /* SocialLoginModel.swift */; };
		3278237C282144B900A19F6D /* FacebookCore in Frameworks */ = {isa = PBXBuildFile; productRef = 3278237B282144B900A19F6D /* FacebookCore */; };
		3278237E282144B900A19F6D /* FacebookLogin in Frameworks */ = {isa = PBXBuildFile; productRef = 3278237D282144B900A19F6D /* FacebookLogin */; };
		32782380282144B900A19F6D /* FacebookShare in Frameworks */ = {isa = PBXBuildFile; productRef = 3278237F282144B900A19F6D /* FacebookShare */; };
		328A73CD281BC4EA007E83FC /* LoginViewModel.swift in Sources */ = {isa = PBXBuildFile; fileRef = 328A73CC281BC4EA007E83FC /* LoginViewModel.swift */; };
		328A73CF281BC4FD007E83FC /* LoginModel.swift in Sources */ = {isa = PBXBuildFile; fileRef = 328A73CE281BC4FD007E83FC /* LoginModel.swift */; };
		328A73D2281BDE21007E83FC /* Alamofire in Frameworks */ = {isa = PBXBuildFile; productRef = 328A73D1281BDE21007E83FC /* Alamofire */; };
		328A73D5281BE045007E83FC /* APIRequest.swift in Sources */ = {isa = PBXBuildFile; fileRef = 328A73D4281BE045007E83FC /* APIRequest.swift */; };
		328A73D8281C02C7007E83FC /* MBProgressHUD in Frameworks */ = {isa = PBXBuildFile; productRef = 328A73D7281C02C7007E83FC /* MBProgressHUD */; };
		328A73DA281C0308007E83FC /* MBProgressHub.swift in Sources */ = {isa = PBXBuildFile; fileRef = 328A73D9281C0308007E83FC /* MBProgressHub.swift */; };
		328A73DD281C05DE007E83FC /* ListUserViewController.swift in Sources */ = {isa = PBXBuildFile; fileRef = 328A73DC281C05DE007E83FC /* ListUserViewController.swift */; };
		328A73DF281C0AFF007E83FC /* ListViewModel.swift in Sources */ = {isa = PBXBuildFile; fileRef = 328A73DE281C0AFF007E83FC /* ListViewModel.swift */; };
		328A73E1281C0CD3007E83FC /* ListTableViewCell.swift in Sources */ = {isa = PBXBuildFile; fileRef = 328A73E0281C0CD3007E83FC /* ListTableViewCell.swift */; };
		32D47B78281F9F5D008A63A6 /* CustomTableView.swift in Sources */ = {isa = PBXBuildFile; fileRef = 32D47B77281F9F5D008A63A6 /* CustomTableView.swift */; };
		32D47B7B281FA434008A63A6 /* HeaderView.xib in Resources */ = {isa = PBXBuildFile; fileRef = 32D47B7A281FA434008A63A6 /* HeaderView.xib */; };
		32D47B7D281FA72B008A63A6 /* HeaderView.swift in Sources */ = {isa = PBXBuildFile; fileRef = 32D47B7C281FA72B008A63A6 /* HeaderView.swift */; };
		32D47B81281FD08F008A63A6 /* IQKeyboardManagerSwift in Frameworks */ = {isa = PBXBuildFile; productRef = 32D47B80281FD08F008A63A6 /* IQKeyboardManagerSwift */; };
		32D47B87281FD4AF008A63A6 /* Localizable.strings in Resources */ = {isa = PBXBuildFile; fileRef = 32D47B89281FD4AF008A63A6 /* Localizable.strings */; };
		32D47B8D281FD8D9008A63A6 /* LangaugePreferencesViewModel.swift in Sources */ = {isa = PBXBuildFile; fileRef = 32D47B8C281FD8D9008A63A6 /* LangaugePreferencesViewModel.swift */; };
		32D47B90281FDBE1008A63A6 /* Localize_Swift in Frameworks */ = {isa = PBXBuildFile; productRef = 32D47B8F281FDBE1008A63A6 /* Localize_Swift */; };
/* End PBXBuildFile section */

/* Begin PBXFileReference section */
		32268EED281BA48A0096628A /* ProjectSetUp.app */ = {isa = PBXFileReference; explicitFileType = wrapper.application; includeInIndex = 0; path = ProjectSetUp.app; sourceTree = BUILT_PRODUCTS_DIR; };
		32268EF0281BA48A0096628A /* AppDelegate.swift */ = {isa = PBXFileReference; lastKnownFileType = sourcecode.swift; path = AppDelegate.swift; sourceTree = "<group>"; };
		32268EF2281BA48A0096628A /* SceneDelegate.swift */ = {isa = PBXFileReference; lastKnownFileType = sourcecode.swift; path = SceneDelegate.swift; sourceTree = "<group>"; };
		32268EF4281BA48A0096628A /* ViewController.swift */ = {isa = PBXFileReference; lastKnownFileType = sourcecode.swift; path = ViewController.swift; sourceTree = "<group>"; };
		32268EF7281BA48A0096628A /* Base */ = {isa = PBXFileReference; lastKnownFileType = file.storyboard; name = Base; path = Base.lproj/Main.storyboard; sourceTree = "<group>"; };
		32268EF9281BA48B0096628A /* Assets.xcassets */ = {isa = PBXFileReference; lastKnownFileType = folder.assetcatalog; path = Assets.xcassets; sourceTree = "<group>"; };
		32268EFC281BA48B0096628A /* Base */ = {isa = PBXFileReference; lastKnownFileType = file.storyboard; name = Base; path = Base.lproj/LaunchScreen.storyboard; sourceTree = "<group>"; };
		32268EFE281BA48B0096628A /* Info.plist */ = {isa = PBXFileReference; lastKnownFileType = text.plist.xml; path = Info.plist; sourceTree = "<group>"; };
		32268F05281BA5450096628A /* Constant.swift */ = {isa = PBXFileReference; lastKnownFileType = sourcecode.swift; path = Constant.swift; sourceTree = "<group>"; };
		32268F0B281BB0740096628A /* Extension.swift */ = {isa = PBXFileReference; lastKnownFileType = sourcecode.swift; path = Extension.swift; sourceTree = "<group>"; };
		32268F0D281BB0B60096628A /* CommanFile.swift */ = {isa = PBXFileReference; lastKnownFileType = sourcecode.swift; path = CommanFile.swift; sourceTree = "<group>"; };
		3278235B2820E28400A19F6D /* ImagePickerController.swift */ = {isa = PBXFileReference; lastKnownFileType = sourcecode.swift; path = ImagePickerController.swift; sourceTree = "<group>"; };
		327823602820EC0F00A19F6D /* SBPickerSwiftSelector.xib */ = {isa = PBXFileReference; fileEncoding = 4; lastKnownFileType = file.xib; path = SBPickerSwiftSelector.xib; sourceTree = "<group>"; };
		327823622820EC2E00A19F6D /* SBPickerSwiftSelector.swift */ = {isa = PBXFileReference; fileEncoding = 4; lastKnownFileType = sourcecode.swift; path = SBPickerSwiftSelector.swift; sourceTree = "<group>"; };
		327823642820ED2E00A19F6D /* PickerController.swift */ = {isa = PBXFileReference; lastKnownFileType = sourcecode.swift; path = PickerController.swift; sourceTree = "<group>"; };
		327823672820FF2F00A19F6D /* SignUpViewController.swift */ = {isa = PBXFileReference; lastKnownFileType = sourcecode.swift; path = SignUpViewController.swift; sourceTree = "<group>"; };
		327823692820FF8600A19F6D /* SignUpViewModel.swift */ = {isa = PBXFileReference; lastKnownFileType = sourcecode.swift; path = SignUpViewModel.swift; sourceTree = "<group>"; };
		3278236B2820FFAA00A19F6D /* SignUpModel.swift */ = {isa = PBXFileReference; lastKnownFileType = sourcecode.swift; path = SignUpModel.swift; sourceTree = "<group>"; };
		3278236E2821050E00A19F6D /* TextFieldTableViewCell.swift */ = {isa = PBXFileReference; lastKnownFileType = sourcecode.swift; path = TextFieldTableViewCell.swift; sourceTree = "<group>"; };
		327823702821055400A19F6D /* LabelTableViewCell.swift */ = {isa = PBXFileReference; lastKnownFileType = sourcecode.swift; path = LabelTableViewCell.swift; sourceTree = "<group>"; };
		327823732821416400A19F6D /* SocialViewController.swift */ = {isa = PBXFileReference; lastKnownFileType = sourcecode.swift; path = SocialViewController.swift; sourceTree = "<group>"; };
		327823752821418B00A19F6D /* SocialLoginViewModel.swift */ = {isa = PBXFileReference; lastKnownFileType = sourcecode.swift; path = SocialLoginViewModel.swift; sourceTree = "<group>"; };
		32782377282141A200A19F6D /* SocialLoginModel.swift */ = {isa = PBXFileReference; lastKnownFileType = sourcecode.swift; path = SocialLoginModel.swift; sourceTree = "<group>"; };
		328A73CC281BC4EA007E83FC /* LoginViewModel.swift */ = {isa = PBXFileReference; lastKnownFileType = sourcecode.swift; path = LoginViewModel.swift; sourceTree = "<group>"; };
		328A73CE281BC4FD007E83FC /* LoginModel.swift */ = {isa = PBXFileReference; lastKnownFileType = sourcecode.swift; path = LoginModel.swift; sourceTree = "<group>"; };
		328A73D4281BE045007E83FC /* APIRequest.swift */ = {isa = PBXFileReference; lastKnownFileType = sourcecode.swift; path = APIRequest.swift; sourceTree = "<group>"; };
		328A73D9281C0308007E83FC /* MBProgressHub.swift */ = {isa = PBXFileReference; lastKnownFileType = sourcecode.swift; path = MBProgressHub.swift; sourceTree = "<group>"; };
		328A73DC281C05DE007E83FC /* ListUserViewController.swift */ = {isa = PBXFileReference; lastKnownFileType = sourcecode.swift; path = ListUserViewController.swift; sourceTree = "<group>"; };
		328A73DE281C0AFF007E83FC /* ListViewModel.swift */ = {isa = PBXFileReference; lastKnownFileType = sourcecode.swift; path = ListViewModel.swift; sourceTree = "<group>"; };
		328A73E0281C0CD3007E83FC /* ListTableViewCell.swift */ = {isa = PBXFileReference; lastKnownFileType = sourcecode.swift; path = ListTableViewCell.swift; sourceTree = "<group>"; };
		32D47B77281F9F5D008A63A6 /* CustomTableView.swift */ = {isa = PBXFileReference; lastKnownFileType = sourcecode.swift; path = CustomTableView.swift; sourceTree = "<group>"; };
		32D47B7A281FA434008A63A6 /* HeaderView.xib */ = {isa = PBXFileReference; lastKnownFileType = file.xib; path = HeaderView.xib; sourceTree = "<group>"; };
		32D47B7C281FA72B008A63A6 /* HeaderView.swift */ = {isa = PBXFileReference; lastKnownFileType = sourcecode.swift; path = HeaderView.swift; sourceTree = "<group>"; };
		32D47B88281FD4AF008A63A6 /* en */ = {isa = PBXFileReference; lastKnownFileType = text.plist.strings; name = en; path = en.lproj/Localizable.strings; sourceTree = "<group>"; };
		32D47B8A281FD4B2008A63A6 /* gu-IN */ = {isa = PBXFileReference; lastKnownFileType = text.plist.strings; name = "gu-IN"; path = "gu-IN.lproj/Localizable.strings"; sourceTree = "<group>"; };
		32D47B8B281FD4B3008A63A6 /* hi-IN */ = {isa = PBXFileReference; lastKnownFileType = text.plist.strings; name = "hi-IN"; path = "hi-IN.lproj/Localizable.strings"; sourceTree = "<group>"; };
		32D47B8C281FD8D9008A63A6 /* LangaugePreferencesViewModel.swift */ = {isa = PBXFileReference; lastKnownFileType = sourcecode.swift; path = LangaugePreferencesViewModel.swift; sourceTree = "<group>"; };
/* End PBXFileReference section */

/* Begin PBXFrameworksBuildPhase section */
		32268EEA281BA48A0096628A /* Frameworks */ = {
			isa = PBXFrameworksBuildPhase;
			buildActionMask = 2147483647;
			files = (
				328A73D8281C02C7007E83FC /* MBProgressHUD in Frameworks */,
				3278237C282144B900A19F6D /* FacebookCore in Frameworks */,
				3278237E282144B900A19F6D /* FacebookLogin in Frameworks */,
				32D47B90281FDBE1008A63A6 /* Localize_Swift in Frameworks */,
				328A73D2281BDE21007E83FC /* Alamofire in Frameworks */,
				32D47B81281FD08F008A63A6 /* IQKeyboardManagerSwift in Frameworks */,
				32782380282144B900A19F6D /* FacebookShare in Frameworks */,
			);
			runOnlyForDeploymentPostprocessing = 0;
		};
/* End PBXFrameworksBuildPhase section */

/* Begin PBXGroup section */
		32268EE4281BA48A0096628A = {
			isa = PBXGroup;
			children = (
				32268EEF281BA48A0096628A /* ProjectSetUp */,
				32268EEE281BA48A0096628A /* Products */,
			);
			sourceTree = "<group>";
		};
		32268EEE281BA48A0096628A /* Products */ = {
			isa = PBXGroup;
			children = (
				32268EED281BA48A0096628A /* ProjectSetUp.app */,
			);
			name = Products;
			sourceTree = "<group>";
		};
		32268EEF281BA48A0096628A /* ProjectSetUp */ = {
			isa = PBXGroup;
			children = (
				32268EF0281BA48A0096628A /* AppDelegate.swift */,
				32268EF2281BA48A0096628A /* SceneDelegate.swift */,
				32268F05281BA5450096628A /* Constant.swift */,
				32D47B82281FD3B7008A63A6 /* MultipleLanguage */,
				32268F09281BB0520096628A /* CommonFile */,
				328A73D3281BDFE8007E83FC /* WebServices */,
				32268F07281BA54C0096628A /* ViewController */,
				32268EF6281BA48A0096628A /* Main.storyboard */,
				32268EF9281BA48B0096628A /* Assets.xcassets */,
				32268EFB281BA48B0096628A /* LaunchScreen.storyboard */,
				32268EFE281BA48B0096628A /* Info.plist */,
			);
			path = ProjectSetUp;
			sourceTree = "<group>";
		};
		32268F07281BA54C0096628A /* ViewController */ = {
			isa = PBXGroup;
			children = (
				327823662820F3C200A19F6D /* SignUpViewController */,
				32268F08281BA56B0096628A /* HomeViewController */,
				327823722821414800A19F6D /* SocialLogin */,
				32D47B91281FE3F5008A63A6 /* Language */,
				328A73DB281C05B6007E83FC /* ListData */,
			);
			path = ViewController;
			sourceTree = "<group>";
		};
		32268F08281BA56B0096628A /* HomeViewController */ = {
			isa = PBXGroup;
			children = (
				328A73CE281BC4FD007E83FC /* LoginModel.swift */,
				328A73CC281BC4EA007E83FC /* LoginViewModel.swift */,
				32268EF4281BA48A0096628A /* ViewController.swift */,
			);
			path = HomeViewController;
			sourceTree = "<group>";
		};
		32268F09281BB0520096628A /* CommonFile */ = {
			isa = PBXGroup;
			children = (
				3278236D282104D600A19F6D /* TableViewCell */,
				3278235F2820EBB000A19F6D /* PickerController */,
				3278235E2820EA5600A19F6D /* CommonStructFile */,
				3278235D2820EA3C00A19F6D /* Protocol */,
				3278235A2820E26600A19F6D /* ImagePicker */,
				327823592820E24B00A19F6D /* Loader */,
				32D47B79281FA3CA008A63A6 /* HeaderView */,
				32268F0A281BB0620096628A /* Extension */,
			);
			path = CommonFile;
			sourceTree = "<group>";
		};
		32268F0A281BB0620096628A /* Extension */ = {
			isa = PBXGroup;
			children = (
				32268F0B281BB0740096628A /* Extension.swift */,
			);
			path = Extension;
			sourceTree = "<group>";
		};
		327823592820E24B00A19F6D /* Loader */ = {
			isa = PBXGroup;
			children = (
				328A73D9281C0308007E83FC /* MBProgressHub.swift */,
			);
			path = Loader;
			sourceTree = "<group>";
		};
		3278235A2820E26600A19F6D /* ImagePicker */ = {
			isa = PBXGroup;
			children = (
				3278235B2820E28400A19F6D /* ImagePickerController.swift */,
			);
			path = ImagePicker;
			sourceTree = "<group>";
		};
		3278235D2820EA3C00A19F6D /* Protocol */ = {
			isa = PBXGroup;
			children = (
				32D47B77281F9F5D008A63A6 /* CustomTableView.swift */,
			);
			path = Protocol;
			sourceTree = "<group>";
		};
		3278235E2820EA5600A19F6D /* CommonStructFile */ = {
			isa = PBXGroup;
			children = (
				32268F0D281BB0B60096628A /* CommanFile.swift */,
			);
			path = CommonStructFile;
			sourceTree = "<group>";
		};
		3278235F2820EBB000A19F6D /* PickerController */ = {
			isa = PBXGroup;
			children = (
				327823622820EC2E00A19F6D /* SBPickerSwiftSelector.swift */,
				327823602820EC0F00A19F6D /* SBPickerSwiftSelector.xib */,
				327823642820ED2E00A19F6D /* PickerController.swift */,
			);
			path = PickerController;
			sourceTree = "<group>";
		};
		327823662820F3C200A19F6D /* SignUpViewController */ = {
			isa = PBXGroup;
			children = (
				3278236B2820FFAA00A19F6D /* SignUpModel.swift */,
				327823692820FF8600A19F6D /* SignUpViewModel.swift */,
				327823672820FF2F00A19F6D /* SignUpViewController.swift */,
			);
			path = SignUpViewController;
			sourceTree = "<group>";
		};
		3278236D282104D600A19F6D /* TableViewCell */ = {
			isa = PBXGroup;
			children = (
				3278236E2821050E00A19F6D /* TextFieldTableViewCell.swift */,
				327823702821055400A19F6D /* LabelTableViewCell.swift */,
			);
			path = TableViewCell;
			sourceTree = "<group>";
		};
		327823722821414800A19F6D /* SocialLogin */ = {
			isa = PBXGroup;
			children = (
				32782377282141A200A19F6D /* SocialLoginModel.swift */,
				327823752821418B00A19F6D /* SocialLoginViewModel.swift */,
				327823732821416400A19F6D /* SocialViewController.swift */,
			);
			path = SocialLogin;
			sourceTree = "<group>";
		};
		328A73D3281BDFE8007E83FC /* WebServices */ = {
			isa = PBXGroup;
			children = (
				328A73D4281BE045007E83FC /* APIRequest.swift */,
			);
			path = WebServices;
			sourceTree = "<group>";
		};
		328A73DB281C05B6007E83FC /* ListData */ = {
			isa = PBXGroup;
			children = (
				328A73E0281C0CD3007E83FC /* ListTableViewCell.swift */,
				328A73DE281C0AFF007E83FC /* ListViewModel.swift */,
				328A73DC281C05DE007E83FC /* ListUserViewController.swift */,
			);
			path = ListData;
			sourceTree = "<group>";
		};
		32D47B79281FA3CA008A63A6 /* HeaderView */ = {
			isa = PBXGroup;
			children = (
				32D47B7A281FA434008A63A6 /* HeaderView.xib */,
				32D47B7C281FA72B008A63A6 /* HeaderView.swift */,
			);
			path = HeaderView;
			sourceTree = "<group>";
		};
		32D47B82281FD3B7008A63A6 /* MultipleLanguage */ = {
			isa = PBXGroup;
			children = (
				32D47B89281FD4AF008A63A6 /* Localizable.strings */,
			);
			path = MultipleLanguage;
			sourceTree = "<group>";
		};
		32D47B91281FE3F5008A63A6 /* Language */ = {
			isa = PBXGroup;
			children = (
				32D47B8C281FD8D9008A63A6 /* LangaugePreferencesViewModel.swift */,
			);
			path = Language;
			sourceTree = "<group>";
		};
/* End PBXGroup section */

/* Begin PBXNativeTarget section */
		32268EEC281BA48A0096628A /* ProjectSetUp */ = {
			isa = PBXNativeTarget;
			buildConfigurationList = 32268F01281BA48B0096628A /* Build configuration list for PBXNativeTarget "ProjectSetUp" */;
			buildPhases = (
				32268EE9281BA48A0096628A /* Sources */,
				32268EEA281BA48A0096628A /* Frameworks */,
				32268EEB281BA48A0096628A /* Resources */,
			);
			buildRules = (
			);
			dependencies = (
			);
			name = ProjectSetUp;
			packageProductDependencies = (
				328A73D1281BDE21007E83FC /* Alamofire */,
				328A73D7281C02C7007E83FC /* MBProgressHUD */,
				32D47B80281FD08F008A63A6 /* IQKeyboardManagerSwift */,
				32D47B8F281FDBE1008A63A6 /* Localize_Swift */,
				3278237B282144B900A19F6D /* FacebookCore */,
				3278237D282144B900A19F6D /* FacebookLogin */,
				3278237F282144B900A19F6D /* FacebookShare */,
			);
			productName = ProjectSetUp;
			productReference = 32268EED281BA48A0096628A /* ProjectSetUp.app */;
			productType = "com.apple.product-type.application";
		};
/* End PBXNativeTarget section */

/* Begin PBXProject section */
		32268EE5281BA48A0096628A /* Project object */ = {
			isa = PBXProject;
			attributes = {
				BuildIndependentTargetsInParallel = 1;
				LastSwiftUpdateCheck = 1330;
				LastUpgradeCheck = 1330;
				TargetAttributes = {
					32268EEC281BA48A0096628A = {
						CreatedOnToolsVersion = 13.3;
					};
				};
			};
			buildConfigurationList = 32268EE8281BA48A0096628A /* Build configuration list for PBXProject "ProjectSetUp" */;
			compatibilityVersion = "Xcode 13.0";
			developmentRegion = en;
			hasScannedForEncodings = 0;
			knownRegions = (
				en,
				Base,
				"gu-IN",
				"hi-IN",
			);
			mainGroup = 32268EE4281BA48A0096628A;
			packageReferences = (
				328A73D0281BDE21007E83FC /* XCRemoteSwiftPackageReference "Alamofire" */,
				328A73D6281C02C7007E83FC /* XCRemoteSwiftPackageReference "MBProgressHUD" */,
				32D47B7E281FCF5A008A63A6 /* XCRemoteSwiftPackageReference "IQKeyboardManager" */,
				32D47B7F281FD08F008A63A6 /* XCRemoteSwiftPackageReference "IQKeyboardManager" */,
				32D47B8E281FDBE1008A63A6 /* XCRemoteSwiftPackageReference "Localize-Swift" */,
				327823792821437900A19F6D /* XCRemoteSwiftPackageReference "facebook-ios-sdk" */,
				3278237A282144B900A19F6D /* XCRemoteSwiftPackageReference "facebook-ios-sdk" */,
			);
			productRefGroup = 32268EEE281BA48A0096628A /* Products */;
			projectDirPath = "";
			projectRoot = "";
			targets = (
				32268EEC281BA48A0096628A /* ProjectSetUp */,
			);
		};
/* End PBXProject section */

/* Begin PBXResourcesBuildPhase section */
		32268EEB281BA48A0096628A /* Resources */ = {
			isa = PBXResourcesBuildPhase;
			buildActionMask = 2147483647;
			files = (
				32D47B87281FD4AF008A63A6 /* Localizable.strings in Resources */,
				32268EFD281BA48B0096628A /* LaunchScreen.storyboard in Resources */,
				32268EFA281BA48B0096628A /* Assets.xcassets in Resources */,
				327823612820EC0F00A19F6D /* SBPickerSwiftSelector.xib in Resources */,
				32268EF8281BA48A0096628A /* Main.storyboard in Resources */,
				32D47B7B281FA434008A63A6 /* HeaderView.xib in Resources */,
			);
			runOnlyForDeploymentPostprocessing = 0;
		};
/* End PBXResourcesBuildPhase section */

/* Begin PBXSourcesBuildPhase section */
		32268EE9281BA48A0096628A /* Sources */ = {
			isa = PBXSourcesBuildPhase;
			buildActionMask = 2147483647;
			files = (
				3278236F2821050E00A19F6D /* TextFieldTableViewCell.swift in Sources */,
				32268F0C281BB0740096628A /* Extension.swift in Sources */,
				327823632820EC2E00A19F6D /* SBPickerSwiftSelector.swift in Sources */,
				32268EF5281BA48A0096628A /* ViewController.swift in Sources */,
				327823652820ED2E00A19F6D /* PickerController.swift in Sources */,
				328A73DF281C0AFF007E83FC /* ListViewModel.swift in Sources */,
				32268EF1281BA48A0096628A /* AppDelegate.swift in Sources */,
				32268F0E281BB0B60096628A /* CommanFile.swift in Sources */,
				32D47B78281F9F5D008A63A6 /* CustomTableView.swift in Sources */,
				327823762821418B00A19F6D /* SocialLoginViewModel.swift in Sources */,
				32268EF3281BA48A0096628A /* SceneDelegate.swift in Sources */,
				328A73CF281BC4FD007E83FC /* LoginModel.swift in Sources */,
				32268F06281BA5450096628A /* Constant.swift in Sources */,
				328A73DD281C05DE007E83FC /* ListUserViewController.swift in Sources */,
				32D47B8D281FD8D9008A63A6 /* LangaugePreferencesViewModel.swift in Sources */,
				327823712821055400A19F6D /* LabelTableViewCell.swift in Sources */,
				327823742821416400A19F6D /* SocialViewController.swift in Sources */,
				3278236A2820FF8600A19F6D /* SignUpViewModel.swift in Sources */,
				328A73DA281C0308007E83FC /* MBProgressHub.swift in Sources */,
				327823682820FF2F00A19F6D /* SignUpViewController.swift in Sources */,
				32782378282141A200A19F6D /* SocialLoginModel.swift in Sources */,
				328A73D5281BE045007E83FC /* APIRequest.swift in Sources */,
				3278235C2820E28400A19F6D /* ImagePickerController.swift in Sources */,
				328A73E1281C0CD3007E83FC /* ListTableViewCell.swift in Sources */,
				3278236C2820FFAA00A19F6D /* SignUpModel.swift in Sources */,
				328A73CD281BC4EA007E83FC /* LoginViewModel.swift in Sources */,
				32D47B7D281FA72B008A63A6 /* HeaderView.swift in Sources */,
			);
			runOnlyForDeploymentPostprocessing = 0;
		};
/* End PBXSourcesBuildPhase section */

/* Begin PBXVariantGroup section */
		32268EF6281BA48A0096628A /* Main.storyboard */ = {
			isa = PBXVariantGroup;
			children = (
				32268EF7281BA48A0096628A /* Base */,
			);
			name = Main.storyboard;
			sourceTree = "<group>";
		};
		32268EFB281BA48B0096628A /* LaunchScreen.storyboard */ = {
			isa = PBXVariantGroup;
			children = (
				32268EFC281BA48B0096628A /* Base */,
			);
			name = LaunchScreen.storyboard;
			sourceTree = "<group>";
		};
		32D47B89281FD4AF008A63A6 /* Localizable.strings */ = {
			isa = PBXVariantGroup;
			children = (
				32D47B88281FD4AF008A63A6 /* en */,
				32D47B8A281FD4B2008A63A6 /* gu-IN */,
				32D47B8B281FD4B3008A63A6 /* hi-IN */,
			);
			name = Localizable.strings;
			sourceTree = "<group>";
		};
/* End PBXVariantGroup section */

/* Begin XCBuildConfiguration section */
		32268EFF281BA48B0096628A /* Debug */ = {
			isa = XCBuildConfiguration;
			buildSettings = {
				ALWAYS_SEARCH_USER_PATHS = NO;
				CLANG_ANALYZER_LOCALIZABILITY_NONLOCALIZED = YES;
				CLANG_ANALYZER_NONNULL = YES;
				CLANG_ANALYZER_NUMBER_OBJECT_CONVERSION = YES_AGGRESSIVE;
				CLANG_CXX_LANGUAGE_STANDARD = "gnu++17";
				CLANG_ENABLE_MODULES = YES;
				CLANG_ENABLE_OBJC_ARC = YES;
				CLANG_ENABLE_OBJC_WEAK = YES;
				CLANG_WARN_BLOCK_CAPTURE_AUTORELEASING = YES;
				CLANG_WARN_BOOL_CONVERSION = YES;
				CLANG_WARN_COMMA = YES;
				CLANG_WARN_CONSTANT_CONVERSION = YES;
				CLANG_WARN_DEPRECATED_OBJC_IMPLEMENTATIONS = YES;
				CLANG_WARN_DIRECT_OBJC_ISA_USAGE = YES_ERROR;
				CLANG_WARN_DOCUMENTATION_COMMENTS = YES;
				CLANG_WARN_EMPTY_BODY = YES;
				CLANG_WARN_ENUM_CONVERSION = YES;
				CLANG_WARN_INFINITE_RECURSION = YES;
				CLANG_WARN_INT_CONVERSION = YES;
				CLANG_WARN_NON_LITERAL_NULL_CONVERSION = YES;
				CLANG_WARN_OBJC_IMPLICIT_RETAIN_SELF = YES;
				CLANG_WARN_OBJC_LITERAL_CONVERSION = YES;
				CLANG_WARN_OBJC_ROOT_CLASS = YES_ERROR;
				CLANG_WARN_QUOTED_INCLUDE_IN_FRAMEWORK_HEADER = YES;
				CLANG_WARN_RANGE_LOOP_ANALYSIS = YES;
				CLANG_WARN_STRICT_PROTOTYPES = YES;
				CLANG_WARN_SUSPICIOUS_MOVE = YES;
				CLANG_WARN_UNGUARDED_AVAILABILITY = YES_AGGRESSIVE;
				CLANG_WARN_UNREACHABLE_CODE = YES;
				CLANG_WARN__DUPLICATE_METHOD_MATCH = YES;
				COPY_PHASE_STRIP = NO;
				DEBUG_INFORMATION_FORMAT = dwarf;
				ENABLE_STRICT_OBJC_MSGSEND = YES;
				ENABLE_TESTABILITY = YES;
				GCC_C_LANGUAGE_STANDARD = gnu11;
				GCC_DYNAMIC_NO_PIC = NO;
				GCC_NO_COMMON_BLOCKS = YES;
				GCC_OPTIMIZATION_LEVEL = 0;
				GCC_PREPROCESSOR_DEFINITIONS = (
					"DEBUG=1",
					"$(inherited)",
				);
				GCC_WARN_64_TO_32_BIT_CONVERSION = YES;
				GCC_WARN_ABOUT_RETURN_TYPE = YES_ERROR;
				GCC_WARN_UNDECLARED_SELECTOR = YES;
				GCC_WARN_UNINITIALIZED_AUTOS = YES_AGGRESSIVE;
				GCC_WARN_UNUSED_FUNCTION = YES;
				GCC_WARN_UNUSED_VARIABLE = YES;
				IPHONEOS_DEPLOYMENT_TARGET = 15.4;
				MTL_ENABLE_DEBUG_INFO = INCLUDE_SOURCE;
				MTL_FAST_MATH = YES;
				ONLY_ACTIVE_ARCH = YES;
				SDKROOT = iphoneos;
				SWIFT_ACTIVE_COMPILATION_CONDITIONS = DEBUG;
				SWIFT_OPTIMIZATION_LEVEL = "-Onone";
			};
			name = Debug;
		};
		32268F00281BA48B0096628A /* Release */ = {
			isa = XCBuildConfiguration;
			buildSettings = {
				ALWAYS_SEARCH_USER_PATHS = NO;
				CLANG_ANALYZER_LOCALIZABILITY_NONLOCALIZED = YES;
				CLANG_ANALYZER_NONNULL = YES;
				CLANG_ANALYZER_NUMBER_OBJECT_CONVERSION = YES_AGGRESSIVE;
				CLANG_CXX_LANGUAGE_STANDARD = "gnu++17";
				CLANG_ENABLE_MODULES = YES;
				CLANG_ENABLE_OBJC_ARC = YES;
				CLANG_ENABLE_OBJC_WEAK = YES;
				CLANG_WARN_BLOCK_CAPTURE_AUTORELEASING = YES;
				CLANG_WARN_BOOL_CONVERSION = YES;
				CLANG_WARN_COMMA = YES;
				CLANG_WARN_CONSTANT_CONVERSION = YES;
				CLANG_WARN_DEPRECATED_OBJC_IMPLEMENTATIONS = YES;
				CLANG_WARN_DIRECT_OBJC_ISA_USAGE = YES_ERROR;
				CLANG_WARN_DOCUMENTATION_COMMENTS = YES;
				CLANG_WARN_EMPTY_BODY = YES;
				CLANG_WARN_ENUM_CONVERSION = YES;
				CLANG_WARN_INFINITE_RECURSION = YES;
				CLANG_WARN_INT_CONVERSION = YES;
				CLANG_WARN_NON_LITERAL_NULL_CONVERSION = YES;
				CLANG_WARN_OBJC_IMPLICIT_RETAIN_SELF = YES;
				CLANG_WARN_OBJC_LITERAL_CONVERSION = YES;
				CLANG_WARN_OBJC_ROOT_CLASS = YES_ERROR;
				CLANG_WARN_QUOTED_INCLUDE_IN_FRAMEWORK_HEADER = YES;
				CLANG_WARN_RANGE_LOOP_ANALYSIS = YES;
				CLANG_WARN_STRICT_PROTOTYPES = YES;
				CLANG_WARN_SUSPICIOUS_MOVE = YES;
				CLANG_WARN_UNGUARDED_AVAILABILITY = YES_AGGRESSIVE;
				CLANG_WARN_UNREACHABLE_CODE = YES;
				CLANG_WARN__DUPLICATE_METHOD_MATCH = YES;
				COPY_PHASE_STRIP = NO;
				DEBUG_INFORMATION_FORMAT = "dwarf-with-dsym";
				ENABLE_NS_ASSERTIONS = NO;
				ENABLE_STRICT_OBJC_MSGSEND = YES;
				GCC_C_LANGUAGE_STANDARD = gnu11;
				GCC_NO_COMMON_BLOCKS = YES;
				GCC_WARN_64_TO_32_BIT_CONVERSION = YES;
				GCC_WARN_ABOUT_RETURN_TYPE = YES_ERROR;
				GCC_WARN_UNDECLARED_SELECTOR = YES;
				GCC_WARN_UNINITIALIZED_AUTOS = YES_AGGRESSIVE;
				GCC_WARN_UNUSED_FUNCTION = YES;
				GCC_WARN_UNUSED_VARIABLE = YES;
				IPHONEOS_DEPLOYMENT_TARGET = 15.4;
				MTL_ENABLE_DEBUG_INFO = NO;
				MTL_FAST_MATH = YES;
				SDKROOT = iphoneos;
				SWIFT_COMPILATION_MODE = wholemodule;
				SWIFT_OPTIMIZATION_LEVEL = "-O";
				VALIDATE_PRODUCT = YES;
			};
			name = Release;
		};
		32268F02281BA48B0096628A /* Debug */ = {
			isa = XCBuildConfiguration;
			buildSettings = {
				ASSETCATALOG_COMPILER_APPICON_NAME = AppIcon;
				ASSETCATALOG_COMPILER_GLOBAL_ACCENT_COLOR_NAME = AccentColor;
				CODE_SIGN_STYLE = Automatic;
				CURRENT_PROJECT_VERSION = 1;
				DEVELOPMENT_TEAM = 83D7RPYBY6;
				GENERATE_INFOPLIST_FILE = YES;
				INFOPLIST_FILE = ProjectSetUp/Info.plist;
				INFOPLIST_KEY_CFBundleDisplayName = " ProjectSetUp";
				INFOPLIST_KEY_NSCameraUsageDescription = "Use camera for take a picture";
				INFOPLIST_KEY_NSFaceIDUsageDescription = "Use Face ID instead of a password to access your account.";
				INFOPLIST_KEY_NSPhotoLibraryAddUsageDescription = "Save user profile";
				INFOPLIST_KEY_NSPhotoLibraryUsageDescription = "Need Library access to upload Photos";
				INFOPLIST_KEY_UIApplicationSupportsIndirectInputEvents = YES;
				INFOPLIST_KEY_UILaunchStoryboardName = LaunchScreen;
				INFOPLIST_KEY_UIMainStoryboardFile = Main;
				INFOPLIST_KEY_UISupportedInterfaceOrientations = UIInterfaceOrientationPortrait;
				INFOPLIST_KEY_UISupportedInterfaceOrientations_iPad = "UIInterfaceOrientationPortrait UIInterfaceOrientationPortraitUpsideDown UIInterfaceOrientationLandscapeLeft UIInterfaceOrientationLandscapeRight";
				INFOPLIST_KEY_UISupportedInterfaceOrientations_iPhone = "UIInterfaceOrientationPortrait UIInterfaceOrientationLandscapeLeft UIInterfaceOrientationLandscapeRight";
				LD_RUNPATH_SEARCH_PATHS = (
					"$(inherited)",
					"@executable_path/Frameworks",
				);
				MARKETING_VERSION = 1.0;
				PRODUCT_BUNDLE_IDENTIFIER = PrakashInfo.ProjectSetUp;
				PRODUCT_NAME = "$(TARGET_NAME)";
				SWIFT_EMIT_LOC_STRINGS = YES;
				SWIFT_VERSION = 5.0;
				TARGETED_DEVICE_FAMILY = "1,2";
			};
			name = Debug;
		};
		32268F03281BA48B0096628A /* Release */ = {
			isa = XCBuildConfiguration;
			buildSettings = {
				ASSETCATALOG_COMPILER_APPICON_NAME = AppIcon;
				ASSETCATALOG_COMPILER_GLOBAL_ACCENT_COLOR_NAME = AccentColor;
				CODE_SIGN_STYLE = Automatic;
				CURRENT_PROJECT_VERSION = 1;
				DEVELOPMENT_TEAM = 83D7RPYBY6;
				GENERATE_INFOPLIST_FILE = YES;
				INFOPLIST_FILE = ProjectSetUp/Info.plist;
				INFOPLIST_KEY_CFBundleDisplayName = " ProjectSetUp";
				INFOPLIST_KEY_NSCameraUsageDescription = "Use camera for take a picture";
				INFOPLIST_KEY_NSFaceIDUsageDescription = "Use Face ID instead of a password to access your account.";
				INFOPLIST_KEY_NSPhotoLibraryAddUsageDescription = "Save user profile";
				INFOPLIST_KEY_NSPhotoLibraryUsageDescription = "Need Library access to upload Photos";
				INFOPLIST_KEY_UIApplicationSupportsIndirectInputEvents = YES;
				INFOPLIST_KEY_UILaunchStoryboardName = LaunchScreen;
				INFOPLIST_KEY_UIMainStoryboardFile = Main;
				INFOPLIST_KEY_UISupportedInterfaceOrientations = UIInterfaceOrientationPortrait;
				INFOPLIST_KEY_UISupportedInterfaceOrientations_iPad = "UIInterfaceOrientationPortrait UIInterfaceOrientationPortraitUpsideDown UIInterfaceOrientationLandscapeLeft UIInterfaceOrientationLandscapeRight";
				INFOPLIST_KEY_UISupportedInterfaceOrientations_iPhone = "UIInterfaceOrientationPortrait UIInterfaceOrientationLandscapeLeft UIInterfaceOrientationLandscapeRight";
				LD_RUNPATH_SEARCH_PATHS = (
					"$(inherited)",
					"@executable_path/Frameworks",
				);
				MARKETING_VERSION = 1.0;
				PRODUCT_BUNDLE_IDENTIFIER = PrakashInfo.ProjectSetUp;
				PRODUCT_NAME = "$(TARGET_NAME)";
				SWIFT_EMIT_LOC_STRINGS = YES;
				SWIFT_VERSION = 5.0;
				TARGETED_DEVICE_FAMILY = "1,2";
			};
			name = Release;
		};
/* End XCBuildConfiguration section */

/* Begin XCConfigurationList section */
		32268EE8281BA48A0096628A /* Build configuration list for PBXProject "ProjectSetUp" */ = {
			isa = XCConfigurationList;
			buildConfigurations = (
				32268EFF281BA48B0096628A /* Debug */,
				32268F00281BA48B0096628A /* Release */,
			);
			defaultConfigurationIsVisible = 0;
			defaultConfigurationName = Release;
		};
		32268F01281BA48B0096628A /* Build configuration list for PBXNativeTarget "ProjectSetUp" */ = {
			isa = XCConfigurationList;
			buildConfigurations = (
				32268F02281BA48B0096628A /* Debug */,
				32268F03281BA48B0096628A /* Release */,
			);
			defaultConfigurationIsVisible = 0;
			defaultConfigurationName = Release;
		};
/* End XCConfigurationList section */

/* Begin XCRemoteSwiftPackageReference section */
		327823792821437900A19F6D /* XCRemoteSwiftPackageReference "facebook-ios-sdk" */ = {
			isa = XCRemoteSwiftPackageReference;
			repositoryURL = "https://github.com/facebook/facebook-ios-sdk";
			requirement = {
				kind = upToNextMajorVersion;
				minimumVersion = 4.0.0;
			};
		};
		3278237A282144B900A19F6D /* XCRemoteSwiftPackageReference "facebook-ios-sdk" */ = {
			isa = XCRemoteSwiftPackageReference;
			repositoryURL = "https://github.com/facebook/facebook-ios-sdk";
			requirement = {
				branch = main;
				kind = branch;
			};
		};
		328A73D0281BDE21007E83FC /* XCRemoteSwiftPackageReference "Alamofire" */ = {
			isa = XCRemoteSwiftPackageReference;
			repositoryURL = "https://github.com/Alamofire/Alamofire.git";
			requirement = {
				kind = upToNextMajorVersion;
				minimumVersion = 4.0.0;
			};
		};
		328A73D6281C02C7007E83FC /* XCRemoteSwiftPackageReference "MBProgressHUD" */ = {
			isa = XCRemoteSwiftPackageReference;
			repositoryURL = "https://github.com/jdg/MBProgressHUD.git";
			requirement = {
				kind = upToNextMajorVersion;
				minimumVersion = 1.0.0;
			};
		};
		32D47B7E281FCF5A008A63A6 /* XCRemoteSwiftPackageReference "IQKeyboardManager" */ = {
			isa = XCRemoteSwiftPackageReference;
			repositoryURL = "https://github.com/hackiftekhar/IQKeyboardManager.git";
			requirement = {
				kind = upToNextMajorVersion;
				minimumVersion = 2.0.0;
			};
		};
		32D47B7F281FD08F008A63A6 /* XCRemoteSwiftPackageReference "IQKeyboardManager" */ = {
			isa = XCRemoteSwiftPackageReference;
			repositoryURL = "https://github.com/hackiftekhar/IQKeyboardManager.git";
			requirement = {
				branch = master;
				kind = branch;
			};
		};
		32D47B8E281FDBE1008A63A6 /* XCRemoteSwiftPackageReference "Localize-Swift" */ = {
			isa = XCRemoteSwiftPackageReference;
			repositoryURL = "https://github.com/marmelroy/Localize-Swift.git";
			requirement = {
				kind = upToNextMajorVersion;
				minimumVersion = 3.0.0;
			};
		};
/* End XCRemoteSwiftPackageReference section */

/* Begin XCSwiftPackageProductDependency section */
		3278237B282144B900A19F6D /* FacebookCore */ = {
			isa = XCSwiftPackageProductDependency;
			package = 3278237A282144B900A19F6D /* XCRemoteSwiftPackageReference "facebook-ios-sdk" */;
			productName = FacebookCore;
		};
		3278237D282144B900A19F6D /* FacebookLogin */ = {
			isa = XCSwiftPackageProductDependency;
			package = 3278237A282144B900A19F6D /* XCRemoteSwiftPackageReference "facebook-ios-sdk" */;
			productName = FacebookLogin;
		};
		3278237F282144B900A19F6D /* FacebookShare */ = {
			isa = XCSwiftPackageProductDependency;
			package = 3278237A282144B900A19F6D /* XCRemoteSwiftPackageReference "facebook-ios-sdk" */;
			productName = FacebookShare;
		};
		328A73D1281BDE21007E83FC /* Alamofire */ = {
			isa = XCSwiftPackageProductDependency;
			package = 328A73D0281BDE21007E83FC /* XCRemoteSwiftPackageReference "Alamofire" */;
			productName = Alamofire;
		};
		328A73D7281C02C7007E83FC /* MBProgressHUD */ = {
			isa = XCSwiftPackageProductDependency;
			package = 328A73D6281C02C7007E83FC /* XCRemoteSwiftPackageReference "MBProgressHUD" */;
			productName = MBProgressHUD;
		};
		32D47B80281FD08F008A63A6 /* IQKeyboardManagerSwift */ = {
			isa = XCSwiftPackageProductDependency;
			package = 32D47B7F281FD08F008A63A6 /* XCRemoteSwiftPackageReference "IQKeyboardManager" */;
			productName = IQKeyboardManagerSwift;
		};
		32D47B8F281FDBE1008A63A6 /* Localize_Swift */ = {
			isa = XCSwiftPackageProductDependency;
			package = 32D47B8E281FDBE1008A63A6 /* XCRemoteSwiftPackageReference "Localize-Swift" */;
			productName = Localize_Swift;
		};
/* End XCSwiftPackageProductDependency section */
	};
	rootObject = 32268EE5281BA48A0096628A /* Project object */;
}
